
Microsoft Visual Studio Solution File, Format Version 12.00
# Visual Studio Version 17
VisualStudioVersion = 17.10.34916.146
MinimumVisualStudioVersion = 10.0.40219.1
Project("{FAE04EC0-301F-11D3-BF4B-00C04F79EFBC}") = "montyHallBackend", "montyHallBackend.csproj", "{84C57B42-02D7-43BF-8576-87FC449E004D}"
EndProject
Global
	GlobalSection(SolutionConfigurationPlatforms) = preSolution
		Debug|Any CPU = Debug|Any CPU
		Release|Any CPU = Release|Any CPU
	EndGlobalSection
	GlobalSection(ProjectConfigurationPlatforms) = postSolution
		{84C57B42-02D7-43BF-8576-87FC449E004D}.Debug|Any CPU.ActiveCfg = Debug|Any CPU
		{84C57B42-02D7-43BF-8576-87FC449E004D}.Debug|Any CPU.Build.0 = Debug|Any CPU
		{84C57B42-02D7-43BF-8576-87FC449E004D}.Release|Any CPU.ActiveCfg = Release|Any CPU
		{84C57B42-02D7-43BF-8576-87FC449E004D}.Release|Any CPU.Build.0 = Release|Any CPU
	EndGlobalSection
	GlobalSection(SolutionProperties) = preSolution
		HideSolutionNode = FALSE
	EndGlobalSection
	GlobalSection(ExtensibilityGlobals) = postSolution
		SolutionGuid = {9753F113-781A-4B74-947E-2690BB773149}
	EndGlobalSection
EndGlobal
